{
  "name": "vscode",
  "lockfileVersion": 2,
  "requires": true,
  "packages": {
    "": {
      "devDependencies": {
        "@github/time-elements": "^3.1.2"
      }
    },
    "node_modules/@github/time-elements": {
      "version": "3.1.2",
      "resolved": "https://registry.npmjs.org/@github/time-elements/-/time-elements-3.1.2.tgz",
      "integrity": "sha512-YVtZVLBikP6I7na22kfB9PKIseISwX41MFJ7lPuNz1VVH2IR5cpRRU6F1X6kcchPChljuvMUR4OiwMWHOJQ8kQ==",
      "dev": true
    }
  },
  "dependencies": {
    "@github/time-elements": {
      "version": "3.1.2",
      "resolved": "https://registry.npmjs.org/@github/time-elements/-/time-elements-3.1.2.tgz",
      "integrity": "sha512-YVtZVLBikP6I7na22kfB9PKIseISwX41MFJ7lPuNz1VVH2IR5cpRRU6F1X6kcchPChljuvMUR4OiwMWHOJQ8kQ==",
      "dev": true
    }
  }
}
